
Microsoft Visual Studio Solution File, Format Version 12.00
# Visual Studio Version 17
VisualStudioVersion = 17.10.34707.107
MinimumVisualStudioVersion = 10.0.40219.1
Project("{2150E333-8FDC-42A3-9474-1A3956D46DE8}") = "LoadTesting", "LoadTesting", "{636C084C-BBA7-46F8-AA1C-A98A5EB11CAF}"
	ProjectSection(SolutionItems) = preProject
		LoadTestingConfig.yaml = LoadTestingConfig.yaml
		LoadTestingScript.jmx = LoadTestingScript.jmx
	EndProjectSection
EndProject
Project("{9A19103F-16F7-4668-BE54-9A1E7A4F7556}") = "DictionaryWebApp", "DictionaryWebApp\DictionaryWebApp.csproj", "{04CB39D2-3C2C-498F-80C8-EA7D0D8CE3D9}"
EndProject
Project("{9A19103F-16F7-4668-BE54-9A1E7A4F7556}") = "DictionaryWebApp.PlaywrightTests", "DictionaryWebApp.PlaywrightTests\DictionaryWebApp.PlaywrightTests.csproj", "{02193CD1-5386-4E23-ACCA-CE02B9404BA3}"
EndProject
Project("{9A19103F-16F7-4668-BE54-9A1E7A4F7556}") = "DictionaryWebApp.UnitTests", "DictionaryWebApp.UnitTests\DictionaryWebApp.UnitTests.csproj", "{A5C6221F-809E-44CD-8AB1-7B1D21F6DAB8}"
EndProject
Global
	GlobalSection(SolutionConfigurationPlatforms) = preSolution
		Debug|Any CPU = Debug|Any CPU
		Release|Any CPU = Release|Any CPU
	EndGlobalSection
	GlobalSection(ProjectConfigurationPlatforms) = postSolution
		{04CB39D2-3C2C-498F-80C8-EA7D0D8CE3D9}.Debug|Any CPU.ActiveCfg = Debug|Any CPU
		{04CB39D2-3C2C-498F-80C8-EA7D0D8CE3D9}.Debug|Any CPU.Build.0 = Debug|Any CPU
		{04CB39D2-3C2C-498F-80C8-EA7D0D8CE3D9}.Release|Any CPU.ActiveCfg = Release|Any CPU
		{04CB39D2-3C2C-498F-80C8-EA7D0D8CE3D9}.Release|Any CPU.Build.0 = Release|Any CPU
		{02193CD1-5386-4E23-ACCA-CE02B9404BA3}.Debug|Any CPU.ActiveCfg = Debug|Any CPU
		{02193CD1-5386-4E23-ACCA-CE02B9404BA3}.Debug|Any CPU.Build.0 = Debug|Any CPU
		{02193CD1-5386-4E23-ACCA-CE02B9404BA3}.Release|Any CPU.ActiveCfg = Release|Any CPU
		{02193CD1-5386-4E23-ACCA-CE02B9404BA3}.Release|Any CPU.Build.0 = Release|Any CPU
		{A5C6221F-809E-44CD-8AB1-7B1D21F6DAB8}.Debug|Any CPU.ActiveCfg = Debug|Any CPU
		{A5C6221F-809E-44CD-8AB1-7B1D21F6DAB8}.Debug|Any CPU.Build.0 = Debug|Any CPU
		{A5C6221F-809E-44CD-8AB1-7B1D21F6DAB8}.Release|Any CPU.ActiveCfg = Release|Any CPU
		{A5C6221F-809E-44CD-8AB1-7B1D21F6DAB8}.Release|Any CPU.Build.0 = Release|Any CPU
	EndGlobalSection
	GlobalSection(SolutionProperties) = preSolution
		HideSolutionNode = FALSE
	EndGlobalSection
	GlobalSection(ExtensibilityGlobals) = postSolution
		SolutionGuid = {8EB92486-A3C5-4CFF-AD29-0950ECFCB07E}
	EndGlobalSection
EndGlobal
